
Microsoft Visual Studio Solution File, Format Version 12.00
# Visual Studio Version 17
VisualStudioVersion = 17.2.32602.215
MinimumVisualStudioVersion = 10.0.40219.1
Project("{FAE04EC0-301F-11D3-BF4B-00C04F79EFBC}") = "Adao", "Adao\Adao.csproj", "{09039761-1E6E-4C7C-8370-FA4143D67F2B}"
EndProject
Global
	GlobalSection(SolutionConfigurationPlatforms) = preSolution
		Debug|Any CPU = Debug|Any CPU
		Release|Any CPU = Release|Any CPU
	EndGlobalSection
	GlobalSection(ProjectConfigurationPlatforms) = postSolution
		{09039761-1E6E-4C7C-8370-FA4143D67F2B}.Debug|Any CPU.ActiveCfg = Debug|Any CPU
		{09039761-1E6E-4C7C-8370-FA4143D67F2B}.Debug|Any CPU.Build.0 = Debug|Any CPU
		{09039761-1E6E-4C7C-8370-FA4143D67F2B}.Release|Any CPU.ActiveCfg = Release|Any CPU
		{09039761-1E6E-4C7C-8370-FA4143D67F2B}.Release|Any CPU.Build.0 = Release|Any CPU
	EndGlobalSection
	GlobalSection(SolutionProperties) = preSolution
		HideSolutionNode = FALSE
	EndGlobalSection
	GlobalSection(ExtensibilityGlobals) = postSolution
		SolutionGuid = {1E4D4884-4E03-4EAB-9B1F-70ABDC6C39D7}
	EndGlobalSection
EndGlobal
